lockfileVersion: '6.0'

settings:
  autoInstallPeers: true
  excludeLinksFromLockfile: false

devDependencies:
  '@types/cardinal':
    specifier: ^2.1.1
    version: 2.1.1
  '@types/node':
    specifier: ^20.14.10
    version: 20.14.10
  cardinal:
    specifier: ^2.1.1
    version: 2.1.1
  typescript:
    specifier: ^5.4.5
    version: 5.5.3
  zod:
    specifier: ^3.23.8
    version: 3.23.8

packages:

  /@types/cardinal@2.1.1:
    resolution: {integrity: sha512-/xCVwg8lWvahHsV2wXZt4i64H1sdL+sN1Uoq7fAc8/FA6uYHjuIveDwPwvGUYp4VZiv85dVl6J/Bum3NDAOm8g==}
    dev: true

  /@types/node@20.14.10:
    resolution: {integrity: sha512-MdiXf+nDuMvY0gJKxyfZ7/6UFsETO7mGKF54MVD/ekJS6HdFtpZFBgrh6Pseu64XTb2MLyFPlbW6hj8HYRQNOQ==}
    dependencies:
      undici-types: 5.26.5
    dev: true

  /ansicolors@0.3.2:
    resolution: {integrity: sha512-QXu7BPrP29VllRxH8GwB7x5iX5qWKAAMLqKQGWTeLWVlNHNOpVMJ91dsxQAIWXpjuW5wqvxu3Jd/nRjrJ+0pqg==}
    dev: true

  /cardinal@2.1.1:
    resolution: {integrity: sha512-JSr5eOgoEymtYHBjNWyjrMqet9Am2miJhlfKNdqLp6zoeAh0KN5dRAcxlecj5mAJrmQomgiOBj35xHLrFjqBpw==}
    hasBin: true
    dependencies:
      ansicolors: 0.3.2
      redeyed: 2.1.1
    dev: true

  /esprima@4.0.1:
    resolution: {integrity: sha512-eGuFFw7Upda+g4p+QHvnW0RyTX/SVeJBDM/gCtMARO0cLuT2HcEKnTPvhjV6aGeqrCB/sbNop0Kszm0jsaWU4A==}
    engines: {node: '>=4'}
    hasBin: true
    dev: true

  /redeyed@2.1.1:
    resolution: {integrity: sha512-FNpGGo1DycYAdnrKFxCMmKYgo/mILAqtRYbkdQD8Ep/Hk2PQ5+aEAEx+IU713RTDmuBaH0c8P5ZozurNu5ObRQ==}
    dependencies:
      esprima: 4.0.1
    dev: true

  /typescript@5.5.3:
    resolution: {integrity: sha512-/hreyEujaB0w76zKo6717l3L0o/qEUtRgdvUBvlkhoWeOVMjMuHNHk0BRBzikzuGDqNmPQbg5ifMEqsHLiIUcQ==}
    engines: {node: '>=14.17'}
    hasBin: true
    dev: true

  /undici-types@5.26.5:
    resolution: {integrity: sha512-JlCMO+ehdEIKqlFxk6IfVoAUVmgz7cU7zD/h9XZ0qzeosSHmUJVOzSQvvYSYWXkFXC+IfLKSIffhv0sVZup6pA==}
    dev: true

  /zod@3.23.8:
    resolution: {integrity: sha512-XBx9AXhXktjUqnepgTiE5flcKIYWi/rme0Eaj+5Y0lftuGBq+jyRu/md4WnuxqgP1ubdpNCsYEYPxrzVHD8d6g==}
    dev: true
